{
  "originHash" : "66ad70d0f92d670124776086cd23873758152eb74320783392566cffc1999351",
  "pins" : [
    {
      "identity" : "flatbuffers",
      "kind" : "remoteSourceControl",
      "location" : "https://github.com/google/flatbuffers.git",
      "state" : {
        "revision" : "187240970746d00bbd26b0f5873ed54d2477f9f3",
        "version" : "25.9.23"
      }
    },
    {
      "identity" : "sdk",
      "kind" : "remoteSourceControl",
      "location" : "https://github.com/open-meteo/sdk.git",
      "state" : {
        "branch" : "main",
        "revision" : "93b4c452579a05734d047c6187deb7d4b6b39cc8"
      }
    }
  ],
  "version" : 3
}
